
Microsoft Visual Studio Solution File, Format Version 12.00
# Visual Studio Version 16
VisualStudioVersion = 16.0.29215.179
MinimumVisualStudioVersion = 10.0.40219.1
Project("{FAE04EC0-301F-11D3-BF4B-00C04F79EFBC}") = "WebApi", "WebApi\WebApi.csproj", "{A66EA2F3-5383-46BE-B7AD-B247F2A2A570}"
EndProject
Project("{FAE04EC0-301F-11D3-BF4B-00C04F79EFBC}") = "PadronAFIP", "PadronAFIP\PadronAFIP.csproj", "{FF00A613-7F4A-4BAF-B0E8-8706640000D3}"
EndProject
Project("{FAE04EC0-301F-11D3-BF4B-00C04F79EFBC}") = "BLL", "BLL\BLL.csproj", "{7C939BE7-CC73-42BC-8F41-CF3D5B1DB537}"
EndProject
Project("{FAE04EC0-301F-11D3-BF4B-00C04F79EFBC}") = "BE", "BE\BE.csproj", "{7706B964-0254-4391-8D89-7E7C4D0B7E98}"
EndProject
Project("{FAE04EC0-301F-11D3-BF4B-00C04F79EFBC}") = "DAL", "DAL\DAL.csproj", "{79EBA8F1-2746-4743-BF98-F4C288A5E4FF}"
EndProject
Project("{FAE04EC0-301F-11D3-BF4B-00C04F79EFBC}") = "SL", "SL\SL.csproj", "{E58D0CC5-7AEB-4FE3-9F3A-2297C285B6FE}"
EndProject
Global
	GlobalSection(SolutionConfigurationPlatforms) = preSolution
		Debug|Any CPU = Debug|Any CPU
		Release|Any CPU = Release|Any CPU
	EndGlobalSection
	GlobalSection(ProjectConfigurationPlatforms) = postSolution
		{A66EA2F3-5383-46BE-B7AD-B247F2A2A570}.Debug|Any CPU.ActiveCfg = Debug|Any CPU
		{A66EA2F3-5383-46BE-B7AD-B247F2A2A570}.Debug|Any CPU.Build.0 = Debug|Any CPU
		{A66EA2F3-5383-46BE-B7AD-B247F2A2A570}.Release|Any CPU.ActiveCfg = Release|Any CPU
		{A66EA2F3-5383-46BE-B7AD-B247F2A2A570}.Release|Any CPU.Build.0 = Release|Any CPU
		{FF00A613-7F4A-4BAF-B0E8-8706640000D3}.Debug|Any CPU.ActiveCfg = Debug|Any CPU
		{FF00A613-7F4A-4BAF-B0E8-8706640000D3}.Debug|Any CPU.Build.0 = Debug|Any CPU
		{FF00A613-7F4A-4BAF-B0E8-8706640000D3}.Release|Any CPU.ActiveCfg = Release|Any CPU
		{FF00A613-7F4A-4BAF-B0E8-8706640000D3}.Release|Any CPU.Build.0 = Release|Any CPU
		{7C939BE7-CC73-42BC-8F41-CF3D5B1DB537}.Debug|Any CPU.ActiveCfg = Debug|Any CPU
		{7C939BE7-CC73-42BC-8F41-CF3D5B1DB537}.Debug|Any CPU.Build.0 = Debug|Any CPU
		{7C939BE7-CC73-42BC-8F41-CF3D5B1DB537}.Release|Any CPU.ActiveCfg = Release|Any CPU
		{7C939BE7-CC73-42BC-8F41-CF3D5B1DB537}.Release|Any CPU.Build.0 = Release|Any CPU
		{7706B964-0254-4391-8D89-7E7C4D0B7E98}.Debug|Any CPU.ActiveCfg = Debug|Any CPU
		{7706B964-0254-4391-8D89-7E7C4D0B7E98}.Debug|Any CPU.Build.0 = Debug|Any CPU
		{7706B964-0254-4391-8D89-7E7C4D0B7E98}.Release|Any CPU.ActiveCfg = Release|Any CPU
		{7706B964-0254-4391-8D89-7E7C4D0B7E98}.Release|Any CPU.Build.0 = Release|Any CPU
		{79EBA8F1-2746-4743-BF98-F4C288A5E4FF}.Debug|Any CPU.ActiveCfg = Debug|Any CPU
		{79EBA8F1-2746-4743-BF98-F4C288A5E4FF}.Debug|Any CPU.Build.0 = Debug|Any CPU
		{79EBA8F1-2746-4743-BF98-F4C288A5E4FF}.Release|Any CPU.ActiveCfg = Release|Any CPU
		{79EBA8F1-2746-4743-BF98-F4C288A5E4FF}.Release|Any CPU.Build.0 = Release|Any CPU
		{E58D0CC5-7AEB-4FE3-9F3A-2297C285B6FE}.Debug|Any CPU.ActiveCfg = Debug|Any CPU
		{E58D0CC5-7AEB-4FE3-9F3A-2297C285B6FE}.Debug|Any CPU.Build.0 = Debug|Any CPU
		{E58D0CC5-7AEB-4FE3-9F3A-2297C285B6FE}.Release|Any CPU.ActiveCfg = Release|Any CPU
		{E58D0CC5-7AEB-4FE3-9F3A-2297C285B6FE}.Release|Any CPU.Build.0 = Release|Any CPU
	EndGlobalSection
	GlobalSection(SolutionProperties) = preSolution
		HideSolutionNode = FALSE
	EndGlobalSection
	GlobalSection(ExtensibilityGlobals) = postSolution
		SolutionGuid = {D6330895-4E75-43FE-99F0-9D8B7139F4A2}
	EndGlobalSection
EndGlobal
